
Microsoft Visual Studio Solution File, Format Version 12.00
# Visual Studio Version 16
VisualStudioVersion = 16.0.30907.101
MinimumVisualStudioVersion = 10.0.40219.1
Project("{FAE04EC0-301F-11D3-BF4B-00C04F79EFBC}") = "System.Private.CoreLib", "System.Private.CoreLib.csproj", "{041F4EB9-64A5-4407-9EB6-D11D6EE8C75F}"
EndProject
Project("{D954291E-2A0B-460D-934E-DC6B0785DB48}") = "System.Private.CoreLib.Shared", "..\..\libraries\System.Private.CoreLib\src\System.Private.CoreLib.Shared.shproj", "{D622F7CE-5BAD-4452-9226-D6473FEEA5E3}"
EndProject
Project("{9A19103F-16F7-4668-BE54-9A1E7A4F7556}") = "System.Private.CoreLib.Generators", "..\..\libraries\System.Private.CoreLib\generators\System.Private.CoreLib.Generators.csproj", "{5A510C6B-A34E-48B2-8F77-AD77655FAB88}"
EndProject
Global
	GlobalSection(SharedMSBuildProjectFiles) = preSolution
		..\..\libraries\System.Private.CoreLib\src\System.Private.CoreLib.Shared.projitems*{d622f7ce-5bad-4452-9226-d6473feea5e3}*SharedItemsImports = 13
	EndGlobalSection
	GlobalSection(SolutionConfigurationPlatforms) = preSolution
		Debug|Any CPU = Debug|Any CPU
		Release|Any CPU = Release|Any CPU
	EndGlobalSection
	GlobalSection(ProjectConfigurationPlatforms) = postSolution
		{041F4EB9-64A5-4407-9EB6-D11D6EE8C75F}.Debug|Any CPU.ActiveCfg = Debug|Any CPU
		{041F4EB9-64A5-4407-9EB6-D11D6EE8C75F}.Debug|Any CPU.Build.0 = Debug|Any CPU
		{041F4EB9-64A5-4407-9EB6-D11D6EE8C75F}.Release|Any CPU.ActiveCfg = Release|Any CPU
		{041F4EB9-64A5-4407-9EB6-D11D6EE8C75F}.Release|Any CPU.Build.0 = Release|Any CPU
		{5A510C6B-A34E-48B2-8F77-AD77655FAB88}.Debug|Any CPU.ActiveCfg = Debug|Any CPU
		{5A510C6B-A34E-48B2-8F77-AD77655FAB88}.Debug|Any CPU.Build.0 = Debug|Any CPU
		{5A510C6B-A34E-48B2-8F77-AD77655FAB88}.Release|Any CPU.ActiveCfg = Release|Any CPU
		{5A510C6B-A34E-48B2-8F77-AD77655FAB88}.Release|Any CPU.Build.0 = Release|Any CPU
	EndGlobalSection
	GlobalSection(SolutionProperties) = preSolution
		HideSolutionNode = FALSE
	EndGlobalSection
	GlobalSection(ExtensibilityGlobals) = postSolution
		SolutionGuid = {E2322851-008B-46D7-88A8-37D622BF4439}
	EndGlobalSection
EndGlobal
